
Microsoft Visual Studio Solution File, Format Version 12.00
# Visual Studio 15
VisualStudioVersion = 15.0.28307.705
MinimumVisualStudioVersion = 10.0.40219.1
Project("{FAE04EC0-301F-11D3-BF4B-00C04F79EFBC}") = "DemoQuanTrong", "DemoQuanTrong\DemoQuanTrong.csproj", "{F6368612-4654-4062-A243-8054C2960C16}"
EndProject
Project("{FAE04EC0-301F-11D3-BF4B-00C04F79EFBC}") = "Client", "Client\Client.csproj", "{60F4EA7D-71CC-4810-A8BB-CAFB25E17128}"
EndProject
Global
	GlobalSection(SolutionConfigurationPlatforms) = preSolution
		Debug|Any CPU = Debug|Any CPU
		Release|Any CPU = Release|Any CPU
	EndGlobalSection
	GlobalSection(ProjectConfigurationPlatforms) = postSolution
		{F6368612-4654-4062-A243-8054C2960C16}.Debug|Any CPU.ActiveCfg = Debug|Any CPU
		{F6368612-4654-4062-A243-8054C2960C16}.Debug|Any CPU.Build.0 = Debug|Any CPU
		{F6368612-4654-4062-A243-8054C2960C16}.Release|Any CPU.ActiveCfg = Release|Any CPU
		{F6368612-4654-4062-A243-8054C2960C16}.Release|Any CPU.Build.0 = Release|Any CPU
		{60F4EA7D-71CC-4810-A8BB-CAFB25E17128}.Debug|Any CPU.ActiveCfg = Debug|Any CPU
		{60F4EA7D-71CC-4810-A8BB-CAFB25E17128}.Debug|Any CPU.Build.0 = Debug|Any CPU
		{60F4EA7D-71CC-4810-A8BB-CAFB25E17128}.Release|Any CPU.ActiveCfg = Release|Any CPU
		{60F4EA7D-71CC-4810-A8BB-CAFB25E17128}.Release|Any CPU.Build.0 = Release|Any CPU
	EndGlobalSection
	GlobalSection(SolutionProperties) = preSolution
		HideSolutionNode = FALSE
	EndGlobalSection
	GlobalSection(ExtensibilityGlobals) = postSolution
		SolutionGuid = {BF1D1ABD-5C00-4011-BCFB-04D7C2FC617B}
	EndGlobalSection
EndGlobal
